// !$*UTF8*$!
{
	archiveVersion = 1;
	classes = {
	};
	objectVersion = 50;
	objects = {

/* Begin PBXBuildFile section */
		816639FB208FCB8900C1370B /* AppUser.swift in Sources */ = {isa = PBXBuildFile; fileRef = 816639FA208FCB8900C1370B /* AppUser.swift */; };
		81663A04208FCB9900C1370B /* AccountValidationViewController.swift in Sources */ = {isa = PBXBuildFile; fileRef = 816639FE208FCB9900C1370B /* AccountValidationViewController.swift */; };
		81663A05208FCB9900C1370B /* LobbyViewController.swift in Sources */ = {isa = PBXBuildFile; fileRef = 81663A00208FCB9900C1370B /* LobbyViewController.swift */; };
		81663A06208FCB9900C1370B /* AppDelegate.swift in Sources */ = {isa = PBXBuildFile; fileRef = 81663A01208FCB9900C1370B /* AppDelegate.swift */; };
		81663A07208FCB9900C1370B /* MainViewController.swift in Sources */ = {isa = PBXBuildFile; fileRef = 81663A03208FCB9900C1370B /* MainViewController.swift */; };
		81663A19208FCBB700C1370B /* Result.swift in Sources */ = {isa = PBXBuildFile; fileRef = 81663A09208FCBB700C1370B /* Result.swift */; };
		81663A1A208FCBB700C1370B /* DBService+CompletionResult.swift in Sources */ = {isa = PBXBuildFile; fileRef = 81663A0D208FCBB700C1370B /* DBService+CompletionResult.swift */; };
		81663A1B208FCBB700C1370B /* DBService.swift in Sources */ = {isa = PBXBuildFile; fileRef = 81663A0E208FCBB700C1370B /* DBService.swift */; };
		81663A1C208FCBB700C1370B /* UserManagement+ProfileChanges.swift in Sources */ = {isa = PBXBuildFile; fileRef = 81663A10208FCBB700C1370B /* UserManagement+ProfileChanges.swift */; };
		81663A1D208FCBB700C1370B /* UserManagement.swift in Sources */ = {isa = PBXBuildFile; fileRef = 81663A11208FCBB700C1370B /* UserManagement.swift */; };
		81663A1E208FCBB700C1370B /* UserManagement+SignUp.swift in Sources */ = {isa = PBXBuildFile; fileRef = 81663A12208FCBB700C1370B /* UserManagement+SignUp.swift */; };
		81663A1F208FCBB700C1370B /* UserManagement+SignOut.swift in Sources */ = {isa = PBXBuildFile; fileRef = 81663A13208FCBB700C1370B /* UserManagement+SignOut.swift */; };
		81663A20208FCBB700C1370B /* UserManagement+CompletionResult.swift in Sources */ = {isa = PBXBuildFile; fileRef = 81663A14208FCBB700C1370B /* UserManagement+CompletionResult.swift */; };
		81663A21208FCBB700C1370B /* UserManagement+SignIn.swift in Sources */ = {isa = PBXBuildFile; fileRef = 81663A15208FCBB700C1370B /* UserManagement+SignIn.swift */; };
		81663A22208FCBB700C1370B /* UIViewController+ManageChildren.swift in Sources */ = {isa = PBXBuildFile; fileRef = 81663A17208FCBB700C1370B /* UIViewController+ManageChildren.swift */; };
		81663A23208FCBB700C1370B /* UIView+AddBorders.swift in Sources */ = {isa = PBXBuildFile; fileRef = 81663A18208FCBB700C1370B /* UIView+AddBorders.swift */; };
		81663A2B208FCBBD00C1370B /* LaunchScreen.storyboard in Resources */ = {isa = PBXBuildFile; fileRef = 81663A26208FCBBC00C1370B /* LaunchScreen.storyboard */; };
		81663A2C208FCBBD00C1370B /* FirebaseSchema in Resources */ = {isa = PBXBuildFile; fileRef = 81663A28208FCBBC00C1370B /* FirebaseSchema */; };
		81663A2D208FCBBD00C1370B /* Assets.xcassets in Resources */ = {isa = PBXBuildFile; fileRef = 81663A2A208FCBBC00C1370B /* Assets.xcassets */; };
		81663A2F20915B8F00C1370B /* GoogleService-Info.plist in Resources */ = {isa = PBXBuildFile; fileRef = 81663A2E20915B8E00C1370B /* GoogleService-Info.plist */; };
		81663A31209223EE00C1370B /* README.md in Resources */ = {isa = PBXBuildFile; fileRef = 81663A30209223EE00C1370B /* README.md */; };
		81663A3320929A8000C1370B /* WireFrame.storyboard in Resources */ = {isa = PBXBuildFile; fileRef = 81663A3220929A8000C1370B /* WireFrame.storyboard */; };
		81BE65B020A3AA5E00E690ED /* DebateTopic.swift in Sources */ = {isa = PBXBuildFile; fileRef = 81BE65AF20A3AA5E00E690ED /* DebateTopic.swift */; };
		81BE65B220A3AB3800E690ED /* Category.swift in Sources */ = {isa = PBXBuildFile; fileRef = 81BE65B120A3AB3800E690ED /* Category.swift */; };
		81FD11DA20A3CE710039C64A /* TwoSidedTests.swift in Sources */ = {isa = PBXBuildFile; fileRef = 81FD11D920A3CE710039C64A /* TwoSidedTests.swift */; };
		8174624C20A3C91A00AF8DFC /* DBService+DebateTopic.swift in Sources */ = {isa = PBXBuildFile; fileRef = 8174624B20A3C91A00AF8DFC /* DBService+DebateTopic.swift */; };
		8174624E20A3CEC800AF8DFC /* StyleSheet.swift in Sources */ = {isa = PBXBuildFile; fileRef = 8174624D20A3CEC800AF8DFC /* StyleSheet.swift */; };
		C14EB78B7C10E21635BE4A60 /* Pods_TwoSided.framework in Frameworks */ = {isa = PBXBuildFile; fileRef = 5310C14152D203D9C1B4C8D3 /* Pods_TwoSided.framework */; };
		C8F88A80CF373BBD211621C8 /* Pods_TwoSidedTests.framework in Frameworks */ = {isa = PBXBuildFile; fileRef = 8B6169AC738E6D78D3A68AAF /* Pods_TwoSidedTests.framework */; };
/* End PBXBuildFile section */

/* Begin PBXContainerItemProxy section */
		81FD11DC20A3CE710039C64A /* PBXContainerItemProxy */ = {
			isa = PBXContainerItemProxy;
			containerPortal = 816639DC208FCB6600C1370B /* Project object */;
			proxyType = 1;
			remoteGlobalIDString = 816639E3208FCB6600C1370B;
			remoteInfo = TwoSided;
		};
/* End PBXContainerItemProxy section */

/* Begin PBXFileReference section */
		3531CBDD6A17327F0D3F44AB /* Pods-TwoSided.debug.xcconfig */ = {isa = PBXFileReference; includeInIndex = 1; lastKnownFileType = text.xcconfig; name = "Pods-TwoSided.debug.xcconfig"; path = "Pods/Target Support Files/Pods-TwoSided/Pods-TwoSided.debug.xcconfig"; sourceTree = "<group>"; };
		5310C14152D203D9C1B4C8D3 /* Pods_TwoSided.framework */ = {isa = PBXFileReference; explicitFileType = wrapper.framework; includeInIndex = 0; path = Pods_TwoSided.framework; sourceTree = BUILT_PRODUCTS_DIR; };
		64ECFE0E9F9DB706B5E270D0 /* Pods-TwoSided.release.xcconfig */ = {isa = PBXFileReference; includeInIndex = 1; lastKnownFileType = text.xcconfig; name = "Pods-TwoSided.release.xcconfig"; path = "Pods/Target Support Files/Pods-TwoSided/Pods-TwoSided.release.xcconfig"; sourceTree = "<group>"; };
		816639E4208FCB6600C1370B /* TwoSided.app */ = {isa = PBXFileReference; explicitFileType = wrapper.application; includeInIndex = 0; path = TwoSided.app; sourceTree = BUILT_PRODUCTS_DIR; };
		816639F3208FCB6C00C1370B /* Info.plist */ = {isa = PBXFileReference; lastKnownFileType = text.plist.xml; path = Info.plist; sourceTree = "<group>"; };
		816639FA208FCB8900C1370B /* AppUser.swift */ = {isa = PBXFileReference; fileEncoding = 4; lastKnownFileType = sourcecode.swift; path = AppUser.swift; sourceTree = "<group>"; };
		816639FE208FCB9900C1370B /* AccountValidationViewController.swift */ = {isa = PBXFileReference; fileEncoding = 4; lastKnownFileType = sourcecode.swift; path = AccountValidationViewController.swift; sourceTree = "<group>"; };
		81663A00208FCB9900C1370B /* LobbyViewController.swift */ = {isa = PBXFileReference; fileEncoding = 4; lastKnownFileType = sourcecode.swift; path = LobbyViewController.swift; sourceTree = "<group>"; };
		81663A01208FCB9900C1370B /* AppDelegate.swift */ = {isa = PBXFileReference; fileEncoding = 4; lastKnownFileType = sourcecode.swift; path = AppDelegate.swift; sourceTree = "<group>"; };
		81663A03208FCB9900C1370B /* MainViewController.swift */ = {isa = PBXFileReference; fileEncoding = 4; lastKnownFileType = sourcecode.swift; path = MainViewController.swift; sourceTree = "<group>"; };
		81663A09208FCBB700C1370B /* Result.swift */ = {isa = PBXFileReference; fileEncoding = 4; lastKnownFileType = sourcecode.swift; path = Result.swift; sourceTree = "<group>"; };
		81663A0D208FCBB700C1370B /* DBService+CompletionResult.swift */ = {isa = PBXFileReference; fileEncoding = 4; lastKnownFileType = sourcecode.swift; path = "DBService+CompletionResult.swift"; sourceTree = "<group>"; };
		81663A0E208FCBB700C1370B /* DBService.swift */ = {isa = PBXFileReference; fileEncoding = 4; lastKnownFileType = sourcecode.swift; path = DBService.swift; sourceTree = "<group>"; };
		81663A10208FCBB700C1370B /* UserManagement+ProfileChanges.swift */ = {isa = PBXFileReference; fileEncoding = 4; lastKnownFileType = sourcecode.swift; path = "UserManagement+ProfileChanges.swift"; sourceTree = "<group>"; };
		81663A11208FCBB700C1370B /* UserManagement.swift */ = {isa = PBXFileReference; fileEncoding = 4; lastKnownFileType = sourcecode.swift; path = UserManagement.swift; sourceTree = "<group>"; };
		81663A12208FCBB700C1370B /* UserManagement+SignUp.swift */ = {isa = PBXFileReference; fileEncoding = 4; lastKnownFileType = sourcecode.swift; path = "UserManagement+SignUp.swift"; sourceTree = "<group>"; };
		81663A13208FCBB700C1370B /* UserManagement+SignOut.swift */ = {isa = PBXFileReference; fileEncoding = 4; lastKnownFileType = sourcecode.swift; path = "UserManagement+SignOut.swift"; sourceTree = "<group>"; };
		81663A14208FCBB700C1370B /* UserManagement+CompletionResult.swift */ = {isa = PBXFileReference; fileEncoding = 4; lastKnownFileType = sourcecode.swift; path = "UserManagement+CompletionResult.swift"; sourceTree = "<group>"; };
		81663A15208FCBB700C1370B /* UserManagement+SignIn.swift */ = {isa = PBXFileReference; fileEncoding = 4; lastKnownFileType = sourcecode.swift; path = "UserManagement+SignIn.swift"; sourceTree = "<group>"; };
		81663A17208FCBB700C1370B /* UIViewController+ManageChildren.swift */ = {isa = PBXFileReference; fileEncoding = 4; lastKnownFileType = sourcecode.swift; path = "UIViewController+ManageChildren.swift"; sourceTree = "<group>"; };
		81663A18208FCBB700C1370B /* UIView+AddBorders.swift */ = {isa = PBXFileReference; fileEncoding = 4; lastKnownFileType = sourcecode.swift; path = "UIView+AddBorders.swift"; sourceTree = "<group>"; };
		81663A27208FCBBC00C1370B /* Base */ = {isa = PBXFileReference; lastKnownFileType = file.storyboard; name = Base; path = Base.lproj/LaunchScreen.storyboard; sourceTree = "<group>"; };
		81663A28208FCBBC00C1370B /* FirebaseSchema */ = {isa = PBXFileReference; fileEncoding = 4; lastKnownFileType = text; path = FirebaseSchema; sourceTree = "<group>"; };
		81663A2A208FCBBC00C1370B /* Assets.xcassets */ = {isa = PBXFileReference; lastKnownFileType = folder.assetcatalog; path = Assets.xcassets; sourceTree = "<group>"; };
		81663A2E20915B8E00C1370B /* GoogleService-Info.plist */ = {isa = PBXFileReference; fileEncoding = 4; lastKnownFileType = text.plist.xml; path = "GoogleService-Info.plist"; sourceTree = "<group>"; };
		81663A30209223EE00C1370B /* README.md */ = {isa = PBXFileReference; fileEncoding = 4; lastKnownFileType = net.daringfireball.markdown; path = README.md; sourceTree = "<group>"; };
		81663A3220929A8000C1370B /* WireFrame.storyboard */ = {isa = PBXFileReference; lastKnownFileType = file.storyboard; path = WireFrame.storyboard; sourceTree = "<group>"; };
		81BE65AF20A3AA5E00E690ED /* DebateTopic.swift */ = {isa = PBXFileReference; lastKnownFileType = sourcecode.swift; path = DebateTopic.swift; sourceTree = "<group>"; };
		81BE65B120A3AB3800E690ED /* Category.swift */ = {isa = PBXFileReference; lastKnownFileType = sourcecode.swift; path = Category.swift; sourceTree = "<group>"; };
		81FD11D720A3CE710039C64A /* TwoSidedTests.xctest */ = {isa = PBXFileReference; explicitFileType = wrapper.cfbundle; includeInIndex = 0; path = TwoSidedTests.xctest; sourceTree = BUILT_PRODUCTS_DIR; };
		81FD11D920A3CE710039C64A /* TwoSidedTests.swift */ = {isa = PBXFileReference; lastKnownFileType = sourcecode.swift; path = TwoSidedTests.swift; sourceTree = "<group>"; };
		81FD11DB20A3CE710039C64A /* Info.plist */ = {isa = PBXFileReference; lastKnownFileType = text.plist.xml; path = Info.plist; sourceTree = "<group>"; };
		8B6169AC738E6D78D3A68AAF /* Pods_TwoSidedTests.framework */ = {isa = PBXFileReference; explicitFileType = wrapper.framework; includeInIndex = 0; path = Pods_TwoSidedTests.framework; sourceTree = BUILT_PRODUCTS_DIR; };
		8C5F1A39A2B557F8C6699ABB /* Pods-TwoSidedTests.release.xcconfig */ = {isa = PBXFileReference; includeInIndex = 1; lastKnownFileType = text.xcconfig; name = "Pods-TwoSidedTests.release.xcconfig"; path = "Pods/Target Support Files/Pods-TwoSidedTests/Pods-TwoSidedTests.release.xcconfig"; sourceTree = "<group>"; };
		9B16647A630849AD50D7099F /* Pods-TwoSidedTests.debug.xcconfig */ = {isa = PBXFileReference; includeInIndex = 1; lastKnownFileType = text.xcconfig; name = "Pods-TwoSidedTests.debug.xcconfig"; path = "Pods/Target Support Files/Pods-TwoSidedTests/Pods-TwoSidedTests.debug.xcconfig"; sourceTree = "<group>"; };
		8174624B20A3C91A00AF8DFC /* DBService+DebateTopic.swift */ = {isa = PBXFileReference; lastKnownFileType = sourcecode.swift; path = "DBService+DebateTopic.swift"; sourceTree = "<group>"; };
		8174624D20A3CEC800AF8DFC /* StyleSheet.swift */ = {isa = PBXFileReference; lastKnownFileType = sourcecode.swift; path = StyleSheet.swift; sourceTree = "<group>"; };
/* End PBXFileReference section */

/* Begin PBXFrameworksBuildPhase section */
		816639E1208FCB6600C1370B /* Frameworks */ = {
			isa = PBXFrameworksBuildPhase;
			buildActionMask = 2147483647;
			files = (
				C14EB78B7C10E21635BE4A60 /* Pods_TwoSided.framework in Frameworks */,
			);
			runOnlyForDeploymentPostprocessing = 0;
		};
		81FD11D420A3CE710039C64A /* Frameworks */ = {
			isa = PBXFrameworksBuildPhase;
			buildActionMask = 2147483647;
			files = (
				C8F88A80CF373BBD211621C8 /* Pods_TwoSidedTests.framework in Frameworks */,
			);
			runOnlyForDeploymentPostprocessing = 0;
		};
/* End PBXFrameworksBuildPhase section */

/* Begin PBXGroup section */
		2CBA447FE3BB4B1A3A737F08 /* Pods */ = {
			isa = PBXGroup;
			children = (
				3531CBDD6A17327F0D3F44AB /* Pods-TwoSided.debug.xcconfig */,
				64ECFE0E9F9DB706B5E270D0 /* Pods-TwoSided.release.xcconfig */,
				9B16647A630849AD50D7099F /* Pods-TwoSidedTests.debug.xcconfig */,
				8C5F1A39A2B557F8C6699ABB /* Pods-TwoSidedTests.release.xcconfig */,
			);
			name = Pods;
			sourceTree = "<group>";
		};
		816639DB208FCB6600C1370B = {
			isa = PBXGroup;
			children = (
				81663A30209223EE00C1370B /* README.md */,
				816639E6208FCB6600C1370B /* TwoSided */,
				81FD11D820A3CE710039C64A /* TwoSidedTests */,
				816639E5208FCB6600C1370B /* Products */,
				2CBA447FE3BB4B1A3A737F08 /* Pods */,
				E532CD885C82E4C50EC7594F /* Frameworks */,
			);
			sourceTree = "<group>";
		};
		816639E5208FCB6600C1370B /* Products */ = {
			isa = PBXGroup;
			children = (
				816639E4208FCB6600C1370B /* TwoSided.app */,
				81FD11D720A3CE710039C64A /* TwoSidedTests.xctest */,
			);
			name = Products;
			sourceTree = "<group>";
		};
		816639E6208FCB6600C1370B /* TwoSided */ = {
			isa = PBXGroup;
			children = (
				816639F9208FCB8900C1370B /* Models */,
				816639FC208FCB9900C1370B /* Application */,
				81663A08208FCBB700C1370B /* Common */,
				81663A24208FCBBC00C1370B /* Resources */,
				816639F3208FCB6C00C1370B /* Info.plist */,
				81663A2E20915B8E00C1370B /* GoogleService-Info.plist */,
			);
			path = TwoSided;
			sourceTree = "<group>";
		};
		816639F9208FCB8900C1370B /* Models */ = {
			isa = PBXGroup;
			children = (
				816639FA208FCB8900C1370B /* AppUser.swift */,
				81BE65AF20A3AA5E00E690ED /* DebateTopic.swift */,
				81BE65B120A3AB3800E690ED /* Category.swift */,
				816639FA208FCB8900C1370B /* Person.swift */,
				8174624D20A3CEC800AF8DFC /* StyleSheet.swift */,
			);
			path = Models;
			sourceTree = "<group>";
		};
		816639FC208FCB9900C1370B /* Application */ = {
			isa = PBXGroup;
			children = (
				81663A01208FCB9900C1370B /* AppDelegate.swift */,
				816639FD208FCB9900C1370B /* AccountValidation */,
				816639FF208FCB9900C1370B /* Lobby */,
				81663A02208FCB9900C1370B /* Main */,
			);
			path = Application;
			sourceTree = "<group>";
		};
		816639FD208FCB9900C1370B /* AccountValidation */ = {
			isa = PBXGroup;
			children = (
				816639FE208FCB9900C1370B /* AccountValidationViewController.swift */,
			);
			path = AccountValidation;
			sourceTree = "<group>";
		};
		816639FF208FCB9900C1370B /* Lobby */ = {
			isa = PBXGroup;
			children = (
				81663A00208FCB9900C1370B /* LobbyViewController.swift */,
			);
			path = Lobby;
			sourceTree = "<group>";
		};
		81663A02208FCB9900C1370B /* Main */ = {
			isa = PBXGroup;
			children = (
				81663A03208FCB9900C1370B /* MainViewController.swift */,
			);
			path = Main;
			sourceTree = "<group>";
		};
		81663A08208FCBB700C1370B /* Common */ = {
			isa = PBXGroup;
			children = (
				81663A09208FCBB700C1370B /* Result.swift */,
				81663A0A208FCBB700C1370B /* Workers */,
				81663A16208FCBB700C1370B /* CoreAdditions */,
			);
			path = Common;
			sourceTree = "<group>";
		};
		81663A0A208FCBB700C1370B /* Workers */ = {
			isa = PBXGroup;
			children = (
				81663A0B208FCBB700C1370B /* FirebaseServices */,
			);
			path = Workers;
			sourceTree = "<group>";
		};
		81663A0B208FCBB700C1370B /* FirebaseServices */ = {
			isa = PBXGroup;
			children = (
				81663A0C208FCBB700C1370B /* Database */,
				81663A0F208FCBB700C1370B /* UserManagement */,
			);
			path = FirebaseServices;
			sourceTree = "<group>";
		};
		81663A0C208FCBB700C1370B /* Database */ = {
			isa = PBXGroup;
			children = (
				81663A0D208FCBB700C1370B /* DBService+CompletionResult.swift */,
				81663A0E208FCBB700C1370B /* DBService.swift */,
				8174624B20A3C91A00AF8DFC /* DBService+DebateTopic.swift */,
			);
			path = Database;
			sourceTree = "<group>";
		};
		81663A0F208FCBB700C1370B /* UserManagement */ = {
			isa = PBXGroup;
			children = (
				81663A10208FCBB700C1370B /* UserManagement+ProfileChanges.swift */,
				81663A11208FCBB700C1370B /* UserManagement.swift */,
				81663A12208FCBB700C1370B /* UserManagement+SignUp.swift */,
				81663A13208FCBB700C1370B /* UserManagement+SignOut.swift */,
				81663A14208FCBB700C1370B /* UserManagement+CompletionResult.swift */,
				81663A15208FCBB700C1370B /* UserManagement+SignIn.swift */,
			);
			path = UserManagement;
			sourceTree = "<group>";
		};
		81663A16208FCBB700C1370B /* CoreAdditions */ = {
			isa = PBXGroup;
			children = (
				81663A17208FCBB700C1370B /* UIViewController+ManageChildren.swift */,
				81663A18208FCBB700C1370B /* UIView+AddBorders.swift */,
			);
			path = CoreAdditions;
			sourceTree = "<group>";
		};
		81663A24208FCBBC00C1370B /* Resources */ = {
			isa = PBXGroup;
			children = (
				81663A28208FCBBC00C1370B /* FirebaseSchema */,
				81663A25208FCBBC00C1370B /* Storyboards */,
				81663A29208FCBBC00C1370B /* Assets */,
			);
			path = Resources;
			sourceTree = "<group>";
		};
		81663A25208FCBBC00C1370B /* Storyboards */ = {
			isa = PBXGroup;
			children = (
				81663A26208FCBBC00C1370B /* LaunchScreen.storyboard */,
				81663A3220929A8000C1370B /* WireFrame.storyboard */,
			);
			path = Storyboards;
			sourceTree = "<group>";
		};
		81663A29208FCBBC00C1370B /* Assets */ = {
			isa = PBXGroup;
			children = (
				81663A2A208FCBBC00C1370B /* Assets.xcassets */,
			);
			path = Assets;
			sourceTree = "<group>";
		};
		81FD11D820A3CE710039C64A /* TwoSidedTests */ = {
			isa = PBXGroup;
			children = (
				81FD11D920A3CE710039C64A /* TwoSidedTests.swift */,
				81FD11DB20A3CE710039C64A /* Info.plist */,
			);
			path = TwoSidedTests;
			sourceTree = "<group>";
		};
		E532CD885C82E4C50EC7594F /* Frameworks */ = {
			isa = PBXGroup;
			children = (
				5310C14152D203D9C1B4C8D3 /* Pods_TwoSided.framework */,
				8B6169AC738E6D78D3A68AAF /* Pods_TwoSidedTests.framework */,
			);
			name = Frameworks;
			sourceTree = "<group>";
		};
/* End PBXGroup section */

/* Begin PBXNativeTarget section */
		816639E3208FCB6600C1370B /* TwoSided */ = {
			isa = PBXNativeTarget;
			buildConfigurationList = 816639F6208FCB6C00C1370B /* Build configuration list for PBXNativeTarget "TwoSided" */;
			buildPhases = (
				5C1F7A5E482C6066914ABE49 /* [CP] Check Pods Manifest.lock */,
				816639E0208FCB6600C1370B /* Sources */,
				816639E1208FCB6600C1370B /* Frameworks */,
				816639E2208FCB6600C1370B /* Resources */,
				7BAD5A4149492AFD07439DE3 /* [CP] Embed Pods Frameworks */,
			);
			buildRules = (
			);
			dependencies = (
			);
			name = TwoSided;
			productName = TwoSided;
			productReference = 816639E4208FCB6600C1370B /* TwoSided.app */;
			productType = "com.apple.product-type.application";
		};
		81FD11D620A3CE710039C64A /* TwoSidedTests */ = {
			isa = PBXNativeTarget;
			buildConfigurationList = 81FD11DE20A3CE710039C64A /* Build configuration list for PBXNativeTarget "TwoSidedTests" */;
			buildPhases = (
				8B781F4A712A851B3D35F051 /* [CP] Check Pods Manifest.lock */,
				81FD11D320A3CE710039C64A /* Sources */,
				81FD11D420A3CE710039C64A /* Frameworks */,
				81FD11D520A3CE710039C64A /* Resources */,
			);
			buildRules = (
			);
			dependencies = (
				81FD11DD20A3CE710039C64A /* PBXTargetDependency */,
			);
			name = TwoSidedTests;
			productName = TwoSidedTests;
			productReference = 81FD11D720A3CE710039C64A /* TwoSidedTests.xctest */;
			productType = "com.apple.product-type.bundle.unit-test";
		};
/* End PBXNativeTarget section */

/* Begin PBXProject section */
		816639DC208FCB6600C1370B /* Project object */ = {
			isa = PBXProject;
			attributes = {
				LastSwiftUpdateCheck = 0930;
				LastUpgradeCheck = 0930;
				ORGANIZATIONNAME = DiegoBaca;
				TargetAttributes = {
					816639E3208FCB6600C1370B = {
						CreatedOnToolsVersion = 9.3;
					};
					81FD11D620A3CE710039C64A = {
						CreatedOnToolsVersion = 9.3;
						TestTargetID = 816639E3208FCB6600C1370B;
					};
				};
			};
			buildConfigurationList = 816639DF208FCB6600C1370B /* Build configuration list for PBXProject "TwoSided" */;
			compatibilityVersion = "Xcode 9.3";
			developmentRegion = en;
			hasScannedForEncodings = 0;
			knownRegions = (
				en,
				Base,
			);
			mainGroup = 816639DB208FCB6600C1370B;
			productRefGroup = 816639E5208FCB6600C1370B /* Products */;
			projectDirPath = "";
			projectRoot = "";
			targets = (
				816639E3208FCB6600C1370B /* TwoSided */,
				81FD11D620A3CE710039C64A /* TwoSidedTests */,
			);
		};
/* End PBXProject section */

/* Begin PBXResourcesBuildPhase section */
		816639E2208FCB6600C1370B /* Resources */ = {
			isa = PBXResourcesBuildPhase;
			buildActionMask = 2147483647;
			files = (
				81663A2B208FCBBD00C1370B /* LaunchScreen.storyboard in Resources */,
				81663A2F20915B8F00C1370B /* GoogleService-Info.plist in Resources */,
				81663A31209223EE00C1370B /* README.md in Resources */,
				81663A2D208FCBBD00C1370B /* Assets.xcassets in Resources */,
				81663A2C208FCBBD00C1370B /* FirebaseSchema in Resources */,
				81663A3320929A8000C1370B /* WireFrame.storyboard in Resources */,
			);
			runOnlyForDeploymentPostprocessing = 0;
		};
		81FD11D520A3CE710039C64A /* Resources */ = {
			isa = PBXResourcesBuildPhase;
			buildActionMask = 2147483647;
			files = (
			);
			runOnlyForDeploymentPostprocessing = 0;
		};
/* End PBXResourcesBuildPhase section */

/* Begin PBXShellScriptBuildPhase section */
		5C1F7A5E482C6066914ABE49 /* [CP] Check Pods Manifest.lock */ = {
			isa = PBXShellScriptBuildPhase;
			buildActionMask = 2147483647;
			files = (
			);
			inputPaths = (
				"${PODS_PODFILE_DIR_PATH}/Podfile.lock",
				"${PODS_ROOT}/Manifest.lock",
			);
			name = "[CP] Check Pods Manifest.lock";
			outputPaths = (
				"$(DERIVED_FILE_DIR)/Pods-TwoSided-checkManifestLockResult.txt",
			);
			runOnlyForDeploymentPostprocessing = 0;
			shellPath = /bin/sh;
			shellScript = "diff \"${PODS_PODFILE_DIR_PATH}/Podfile.lock\" \"${PODS_ROOT}/Manifest.lock\" > /dev/null\nif [ $? != 0 ] ; then\n    # print error to STDERR\n    echo \"error: The sandbox is not in sync with the Podfile.lock. Run 'pod install' or update your CocoaPods installation.\" >&2\n    exit 1\nfi\n# This output is used by Xcode 'outputs' to avoid re-running this script phase.\necho \"SUCCESS\" > \"${SCRIPT_OUTPUT_FILE_0}\"\n";
			showEnvVarsInLog = 0;
		};
		7BAD5A4149492AFD07439DE3 /* [CP] Embed Pods Frameworks */ = {
			isa = PBXShellScriptBuildPhase;
			buildActionMask = 2147483647;
			files = (
			);
			inputPaths = (
				"${SRCROOT}/Pods/Target Support Files/Pods-TwoSided/Pods-TwoSided-frameworks.sh",
				"${BUILT_PRODUCTS_DIR}/GTMSessionFetcher/GTMSessionFetcher.framework",
				"${BUILT_PRODUCTS_DIR}/GoogleToolboxForMac/GoogleToolboxForMac.framework",
				"${BUILT_PRODUCTS_DIR}/leveldb-library/leveldb.framework",
				"${BUILT_PRODUCTS_DIR}/nanopb/nanopb.framework",
			);
			name = "[CP] Embed Pods Frameworks";
			outputPaths = (
				"${TARGET_BUILD_DIR}/${FRAMEWORKS_FOLDER_PATH}/GTMSessionFetcher.framework",
				"${TARGET_BUILD_DIR}/${FRAMEWORKS_FOLDER_PATH}/GoogleToolboxForMac.framework",
				"${TARGET_BUILD_DIR}/${FRAMEWORKS_FOLDER_PATH}/leveldb.framework",
				"${TARGET_BUILD_DIR}/${FRAMEWORKS_FOLDER_PATH}/nanopb.framework",
			);
			runOnlyForDeploymentPostprocessing = 0;
			shellPath = /bin/sh;
			shellScript = "\"${SRCROOT}/Pods/Target Support Files/Pods-TwoSided/Pods-TwoSided-frameworks.sh\"\n";
			showEnvVarsInLog = 0;
		};
		8B781F4A712A851B3D35F051 /* [CP] Check Pods Manifest.lock */ = {
			isa = PBXShellScriptBuildPhase;
			buildActionMask = 2147483647;
			files = (
			);
			inputPaths = (
				"${PODS_PODFILE_DIR_PATH}/Podfile.lock",
				"${PODS_ROOT}/Manifest.lock",
			);
			name = "[CP] Check Pods Manifest.lock";
			outputPaths = (
				"$(DERIVED_FILE_DIR)/Pods-TwoSidedTests-checkManifestLockResult.txt",
			);
			runOnlyForDeploymentPostprocessing = 0;
			shellPath = /bin/sh;
			shellScript = "diff \"${PODS_PODFILE_DIR_PATH}/Podfile.lock\" \"${PODS_ROOT}/Manifest.lock\" > /dev/null\nif [ $? != 0 ] ; then\n    # print error to STDERR\n    echo \"error: The sandbox is not in sync with the Podfile.lock. Run 'pod install' or update your CocoaPods installation.\" >&2\n    exit 1\nfi\n# This output is used by Xcode 'outputs' to avoid re-running this script phase.\necho \"SUCCESS\" > \"${SCRIPT_OUTPUT_FILE_0}\"\n";
			showEnvVarsInLog = 0;
		};
/* End PBXShellScriptBuildPhase section */

/* Begin PBXSourcesBuildPhase section */
		816639E0208FCB6600C1370B /* Sources */ = {
			isa = PBXSourcesBuildPhase;
			buildActionMask = 2147483647;
			files = (
				81663A1A208FCBB700C1370B /* DBService+CompletionResult.swift in Sources */,
				81663A1B208FCBB700C1370B /* DBService.swift in Sources */,
				81663A07208FCB9900C1370B /* MainViewController.swift in Sources */,
				81663A20208FCBB700C1370B /* UserManagement+CompletionResult.swift in Sources */,
				81663A1C208FCBB700C1370B /* UserManagement+ProfileChanges.swift in Sources */,
				81BE65B220A3AB3800E690ED /* Category.swift in Sources */,
				81663A21208FCBB700C1370B /* UserManagement+SignIn.swift in Sources */,
				8174624C20A3C91A00AF8DFC /* DBService+DebateTopic.swift in Sources */,
				81663A06208FCB9900C1370B /* AppDelegate.swift in Sources */,
				816639FB208FCB8900C1370B /* AppUser.swift in Sources */,
				81663A22208FCBB700C1370B /* UIViewController+ManageChildren.swift in Sources */,
				81663A05208FCB9900C1370B /* LobbyViewController.swift in Sources */,
				8174624E20A3CEC800AF8DFC /* StyleSheet.swift in Sources */,
				81663A1D208FCBB700C1370B /* UserManagement.swift in Sources */,
				81BE65B020A3AA5E00E690ED /* DebateTopic.swift in Sources */,
				81663A23208FCBB700C1370B /* UIView+AddBorders.swift in Sources */,
				81663A19208FCBB700C1370B /* Result.swift in Sources */,
				81663A1F208FCBB700C1370B /* UserManagement+SignOut.swift in Sources */,
				81663A04208FCB9900C1370B /* AccountValidationViewController.swift in Sources */,
				81663A1E208FCBB700C1370B /* UserManagement+SignUp.swift in Sources */,
			);
			runOnlyForDeploymentPostprocessing = 0;
		};
		81FD11D320A3CE710039C64A /* Sources */ = {
			isa = PBXSourcesBuildPhase;
			buildActionMask = 2147483647;
			files = (
				81FD11DA20A3CE710039C64A /* TwoSidedTests.swift in Sources */,
			);
			runOnlyForDeploymentPostprocessing = 0;
		};
/* End PBXSourcesBuildPhase section */

/* Begin PBXTargetDependency section */
		81FD11DD20A3CE710039C64A /* PBXTargetDependency */ = {
			isa = PBXTargetDependency;
			target = 816639E3208FCB6600C1370B /* TwoSided */;
			targetProxy = 81FD11DC20A3CE710039C64A /* PBXContainerItemProxy */;
		};
/* End PBXTargetDependency section */

/* Begin PBXVariantGroup section */
		81663A26208FCBBC00C1370B /* LaunchScreen.storyboard */ = {
			isa = PBXVariantGroup;
			children = (
				81663A27208FCBBC00C1370B /* Base */,
			);
			name = LaunchScreen.storyboard;
			sourceTree = "<group>";
		};
/* End PBXVariantGroup section */

/* Begin XCBuildConfiguration section */
		816639F4208FCB6C00C1370B /* Debug */ = {
			isa = XCBuildConfiguration;
			buildSettings = {
				ALWAYS_SEARCH_USER_PATHS = NO;
				CLANG_ANALYZER_NONNULL = YES;
				CLANG_ANALYZER_NUMBER_OBJECT_CONVERSION = YES_AGGRESSIVE;
				CLANG_CXX_LANGUAGE_STANDARD = "gnu++14";
				CLANG_CXX_LIBRARY = "libc++";
				CLANG_ENABLE_MODULES = YES;
				CLANG_ENABLE_OBJC_ARC = YES;
				CLANG_ENABLE_OBJC_WEAK = YES;
				CLANG_WARN_BLOCK_CAPTURE_AUTORELEASING = YES;
				CLANG_WARN_BOOL_CONVERSION = YES;
				CLANG_WARN_COMMA = YES;
				CLANG_WARN_CONSTANT_CONVERSION = YES;
				CLANG_WARN_DEPRECATED_OBJC_IMPLEMENTATIONS = YES;
				CLANG_WARN_DIRECT_OBJC_ISA_USAGE = YES_ERROR;
				CLANG_WARN_DOCUMENTATION_COMMENTS = YES;
				CLANG_WARN_EMPTY_BODY = YES;
				CLANG_WARN_ENUM_CONVERSION = YES;
				CLANG_WARN_INFINITE_RECURSION = YES;
				CLANG_WARN_INT_CONVERSION = YES;
				CLANG_WARN_NON_LITERAL_NULL_CONVERSION = YES;
				CLANG_WARN_OBJC_IMPLICIT_RETAIN_SELF = YES;
				CLANG_WARN_OBJC_LITERAL_CONVERSION = YES;
				CLANG_WARN_OBJC_ROOT_CLASS = YES_ERROR;
				CLANG_WARN_RANGE_LOOP_ANALYSIS = YES;
				CLANG_WARN_STRICT_PROTOTYPES = YES;
				CLANG_WARN_SUSPICIOUS_MOVE = YES;
				CLANG_WARN_UNGUARDED_AVAILABILITY = YES_AGGRESSIVE;
				CLANG_WARN_UNREACHABLE_CODE = YES;
				CLANG_WARN__DUPLICATE_METHOD_MATCH = YES;
				CODE_SIGN_IDENTITY = "iPhone Developer";
				COPY_PHASE_STRIP = NO;
				DEBUG_INFORMATION_FORMAT = dwarf;
				ENABLE_STRICT_OBJC_MSGSEND = YES;
				ENABLE_TESTABILITY = YES;
				GCC_C_LANGUAGE_STANDARD = gnu11;
				GCC_DYNAMIC_NO_PIC = NO;
				GCC_NO_COMMON_BLOCKS = YES;
				GCC_OPTIMIZATION_LEVEL = 0;
				GCC_PREPROCESSOR_DEFINITIONS = (
					"DEBUG=1",
					"$(inherited)",
				);
				GCC_WARN_64_TO_32_BIT_CONVERSION = YES;
				GCC_WARN_ABOUT_RETURN_TYPE = YES_ERROR;
				GCC_WARN_UNDECLARED_SELECTOR = YES;
				GCC_WARN_UNINITIALIZED_AUTOS = YES_AGGRESSIVE;
				GCC_WARN_UNUSED_FUNCTION = YES;
				GCC_WARN_UNUSED_VARIABLE = YES;
				IPHONEOS_DEPLOYMENT_TARGET = 11.3;
				MTL_ENABLE_DEBUG_INFO = YES;
				ONLY_ACTIVE_ARCH = YES;
				SDKROOT = iphoneos;
				SWIFT_ACTIVE_COMPILATION_CONDITIONS = DEBUG;
				SWIFT_OPTIMIZATION_LEVEL = "-Onone";
			};
			name = Debug;
		};
		816639F5208FCB6C00C1370B /* Release */ = {
			isa = XCBuildConfiguration;
			buildSettings = {
				ALWAYS_SEARCH_USER_PATHS = NO;
				CLANG_ANALYZER_NONNULL = YES;
				CLANG_ANALYZER_NUMBER_OBJECT_CONVERSION = YES_AGGRESSIVE;
				CLANG_CXX_LANGUAGE_STANDARD = "gnu++14";
				CLANG_CXX_LIBRARY = "libc++";
				CLANG_ENABLE_MODULES = YES;
				CLANG_ENABLE_OBJC_ARC = YES;
				CLANG_ENABLE_OBJC_WEAK = YES;
				CLANG_WARN_BLOCK_CAPTURE_AUTORELEASING = YES;
				CLANG_WARN_BOOL_CONVERSION = YES;
				CLANG_WARN_COMMA = YES;
				CLANG_WARN_CONSTANT_CONVERSION = YES;
				CLANG_WARN_DEPRECATED_OBJC_IMPLEMENTATIONS = YES;
				CLANG_WARN_DIRECT_OBJC_ISA_USAGE = YES_ERROR;
				CLANG_WARN_DOCUMENTATION_COMMENTS = YES;
				CLANG_WARN_EMPTY_BODY = YES;
				CLANG_WARN_ENUM_CONVERSION = YES;
				CLANG_WARN_INFINITE_RECURSION = YES;
				CLANG_WARN_INT_CONVERSION = YES;
				CLANG_WARN_NON_LITERAL_NULL_CONVERSION = YES;
				CLANG_WARN_OBJC_IMPLICIT_RETAIN_SELF = YES;
				CLANG_WARN_OBJC_LITERAL_CONVERSION = YES;
				CLANG_WARN_OBJC_ROOT_CLASS = YES_ERROR;
				CLANG_WARN_RANGE_LOOP_ANALYSIS = YES;
				CLANG_WARN_STRICT_PROTOTYPES = YES;
				CLANG_WARN_SUSPICIOUS_MOVE = YES;
				CLANG_WARN_UNGUARDED_AVAILABILITY = YES_AGGRESSIVE;
				CLANG_WARN_UNREACHABLE_CODE = YES;
				CLANG_WARN__DUPLICATE_METHOD_MATCH = YES;
				CODE_SIGN_IDENTITY = "iPhone Developer";
				COPY_PHASE_STRIP = NO;
				DEBUG_INFORMATION_FORMAT = "dwarf-with-dsym";
				ENABLE_NS_ASSERTIONS = NO;
				ENABLE_STRICT_OBJC_MSGSEND = YES;
				GCC_C_LANGUAGE_STANDARD = gnu11;
				GCC_NO_COMMON_BLOCKS = YES;
				GCC_WARN_64_TO_32_BIT_CONVERSION = YES;
				GCC_WARN_ABOUT_RETURN_TYPE = YES_ERROR;
				GCC_WARN_UNDECLARED_SELECTOR = YES;
				GCC_WARN_UNINITIALIZED_AUTOS = YES_AGGRESSIVE;
				GCC_WARN_UNUSED_FUNCTION = YES;
				GCC_WARN_UNUSED_VARIABLE = YES;
				IPHONEOS_DEPLOYMENT_TARGET = 11.3;
				MTL_ENABLE_DEBUG_INFO = NO;
				SDKROOT = iphoneos;
				SWIFT_COMPILATION_MODE = wholemodule;
				SWIFT_OPTIMIZATION_LEVEL = "-O";
				VALIDATE_PRODUCT = YES;
			};
			name = Release;
		};
		816639F7208FCB6C00C1370B /* Debug */ = {
			isa = XCBuildConfiguration;
			baseConfigurationReference = 3531CBDD6A17327F0D3F44AB /* Pods-TwoSided.debug.xcconfig */;
			buildSettings = {
				ASSETCATALOG_COMPILER_APPICON_NAME = AppIcon;
				CODE_SIGN_STYLE = Automatic;
				DEVELOPMENT_TEAM = 4RRD8LK54L;
				INFOPLIST_FILE = TwoSided/Info.plist;
				LD_RUNPATH_SEARCH_PATHS = "$(inherited) @executable_path/Frameworks";
				PRODUCT_BUNDLE_IDENTIFIER = Repolitory.TwoSided;
				PRODUCT_NAME = "$(TARGET_NAME)";
				SWIFT_VERSION = 4.0;
				TARGETED_DEVICE_FAMILY = "1,2";
			};
			name = Debug;
		};
		816639F8208FCB6C00C1370B /* Release */ = {
			isa = XCBuildConfiguration;
			baseConfigurationReference = 64ECFE0E9F9DB706B5E270D0 /* Pods-TwoSided.release.xcconfig */;
			buildSettings = {
				ASSETCATALOG_COMPILER_APPICON_NAME = AppIcon;
				CODE_SIGN_STYLE = Automatic;
				DEVELOPMENT_TEAM = 4RRD8LK54L;
				INFOPLIST_FILE = TwoSided/Info.plist;
				LD_RUNPATH_SEARCH_PATHS = "$(inherited) @executable_path/Frameworks";
				PRODUCT_BUNDLE_IDENTIFIER = Repolitory.TwoSided;
				PRODUCT_NAME = "$(TARGET_NAME)";
				SWIFT_VERSION = 4.0;
				TARGETED_DEVICE_FAMILY = "1,2";
			};
			name = Release;
		};
		81FD11DF20A3CE710039C64A /* Debug */ = {
			isa = XCBuildConfiguration;
			baseConfigurationReference = 9B16647A630849AD50D7099F /* Pods-TwoSidedTests.debug.xcconfig */;
			buildSettings = {
				BUNDLE_LOADER = "$(TEST_HOST)";
				CODE_SIGN_STYLE = Automatic;
				DEVELOPMENT_TEAM = KSNU4DN7MY;
				INFOPLIST_FILE = TwoSidedTests/Info.plist;
				LD_RUNPATH_SEARCH_PATHS = "$(inherited) @executable_path/Frameworks @loader_path/Frameworks";
				PRODUCT_BUNDLE_IDENTIFIER = basedOnTy.TwoSidedTests;
				PRODUCT_NAME = "$(TARGET_NAME)";
				SWIFT_VERSION = 4.0;
				TARGETED_DEVICE_FAMILY = "1,2";
				TEST_HOST = "$(BUILT_PRODUCTS_DIR)/TwoSided.app/TwoSided";
			};
			name = Debug;
		};
		81FD11E020A3CE710039C64A /* Release */ = {
			isa = XCBuildConfiguration;
			baseConfigurationReference = 8C5F1A39A2B557F8C6699ABB /* Pods-TwoSidedTests.release.xcconfig */;
			buildSettings = {
				BUNDLE_LOADER = "$(TEST_HOST)";
				CODE_SIGN_STYLE = Automatic;
				DEVELOPMENT_TEAM = KSNU4DN7MY;
				INFOPLIST_FILE = TwoSidedTests/Info.plist;
				LD_RUNPATH_SEARCH_PATHS = "$(inherited) @executable_path/Frameworks @loader_path/Frameworks";
				PRODUCT_BUNDLE_IDENTIFIER = basedOnTy.TwoSidedTests;
				PRODUCT_NAME = "$(TARGET_NAME)";
				SWIFT_VERSION = 4.0;
				TARGETED_DEVICE_FAMILY = "1,2";
				TEST_HOST = "$(BUILT_PRODUCTS_DIR)/TwoSided.app/TwoSided";
			};
			name = Release;
		};
/* End XCBuildConfiguration section */

/* Begin XCConfigurationList section */
		816639DF208FCB6600C1370B /* Build configuration list for PBXProject "TwoSided" */ = {
			isa = XCConfigurationList;
			buildConfigurations = (
				816639F4208FCB6C00C1370B /* Debug */,
				816639F5208FCB6C00C1370B /* Release */,
			);
			defaultConfigurationIsVisible = 0;
			defaultConfigurationName = Release;
		};
		816639F6208FCB6C00C1370B /* Build configuration list for PBXNativeTarget "TwoSided" */ = {
			isa = XCConfigurationList;
			buildConfigurations = (
				816639F7208FCB6C00C1370B /* Debug */,
				816639F8208FCB6C00C1370B /* Release */,
			);
			defaultConfigurationIsVisible = 0;
			defaultConfigurationName = Release;
		};
		81FD11DE20A3CE710039C64A /* Build configuration list for PBXNativeTarget "TwoSidedTests" */ = {
			isa = XCConfigurationList;
			buildConfigurations = (
				81FD11DF20A3CE710039C64A /* Debug */,
				81FD11E020A3CE710039C64A /* Release */,
			);
			defaultConfigurationIsVisible = 0;
			defaultConfigurationName = Release;
		};
/* End XCConfigurationList section */
	};
	rootObject = 816639DC208FCB6600C1370B /* Project object */;
}
